packages:
  apb:
    revision: null
    version: null
    source:
      Path: rtl/apb
    dependencies:
    - common_cells
  apb_uart:
    revision: null
    version: null
    source:
      Path: rtl/apb_uart
    dependencies:
    - apb
    - register_interface
  common_cells:
    revision: null
    version: null
    source:
      Path: rtl/common_cells
    dependencies:
    - common_verification
    - tech_cells_generic
  common_verification:
    revision: null
    version: null
    source:
      Path: rtl/common_verification
    dependencies: []
  cve2:
    revision: null
    version: null
    source:
      Path: rtl/cve2
    dependencies: []
  obi:
    revision: null
    version: null
    source:
      Path: rtl/obi
    dependencies:
    - common_cells
    - common_verification
  register_interface:
    revision: null
    version: null
    source:
      Path: rtl/register_interface
    dependencies:
    - apb
    - common_cells
    - common_verification
  riscv-dbg:
    revision: null
    version: null
    source:
      Path: rtl/riscv-dbg
    dependencies:
    - common_cells
    - tech_cells_generic
  tech_cells_generic:
    revision: null
    version: null
    source:
      Path: rtl/tech_cells_generic
    dependencies:
    - common_verification
  timer_unit:
    revision: null
    version: null
    source:
      Path: rtl/timer_unit
    dependencies: []
